<Solution>
  <Folder Name="/Solution Items/">
    <File Path=".env.example" />
    <File Path=".gitignore" />
    <File Path="docker-compose.override.dev.yml" />
    <File Path="docker-compose.yml" />
  </Folder>
  <Folder Name="/src/">
    <Project Path="src/Api/Api.csproj" />
    <Project Path="src/Engine/Engine.csproj" />
  </Folder>
  <Folder Name="/tests/" />
</Solution>
